{
  "name": "gitid",
  "version": "0.1.0",
  "lockfileVersion": 3,
  "requires": true,
  "packages": {
    "": {
      "name": "gitid",
      "version": "0.1.0",
      "license": "MIT",
      "bin": {
        "git-id": "bin/gitid.js",
        "gitid": "bin/gitid.js"
      },
      "engines": {
        "node": ">=18"
      }
    }
  }
}
